
Microsoft Visual Studio Solution File, Format Version 12.00
# Visual Studio Version 17
VisualStudioVersion = 17.7.34009.444
MinimumVisualStudioVersion = 10.0.40219.1
Project("{FAE04EC0-301F-11D3-BF4B-00C04F79EFBC}") = "ForEachLoop", "ForEachLoop\ForEachLoop.csproj", "{5B3F60F3-08AB-4E80-BE0F-607EBF2F4570}"
EndProject
Global
	GlobalSection(SolutionConfigurationPlatforms) = preSolution
		Debug|Any CPU = Debug|Any CPU
		Release|Any CPU = Release|Any CPU
	EndGlobalSection
	GlobalSection(ProjectConfigurationPlatforms) = postSolution
		{5B3F60F3-08AB-4E80-BE0F-607EBF2F4570}.Debug|Any CPU.ActiveCfg = Debug|Any CPU
		{5B3F60F3-08AB-4E80-BE0F-607EBF2F4570}.Debug|Any CPU.Build.0 = Debug|Any CPU
		{5B3F60F3-08AB-4E80-BE0F-607EBF2F4570}.Release|Any CPU.ActiveCfg = Release|Any CPU
		{5B3F60F3-08AB-4E80-BE0F-607EBF2F4570}.Release|Any CPU.Build.0 = Release|Any CPU
	EndGlobalSection
	GlobalSection(SolutionProperties) = preSolution
		HideSolutionNode = FALSE
	EndGlobalSection
	GlobalSection(ExtensibilityGlobals) = postSolution
		SolutionGuid = {A4B70C05-FCE8-4FA7-996E-2B0B2EAC7DCC}
	EndGlobalSection
EndGlobal
