
Microsoft Visual Studio Solution File, Format Version 12.00
# Visual Studio Version 17
VisualStudioVersion = 17.8.34525.116
MinimumVisualStudioVersion = 10.0.40219.1
Project("{9A19103F-16F7-4668-BE54-9A1E7A4F7556}") = "SilyeApp", "SilyeApp.csproj", "{2DB0ABFD-5B9C-45EC-AE08-317614E0F10D}"
EndProject
Project("{9A19103F-16F7-4668-BE54-9A1E7A4F7556}") = "Silye_DAL", "..\Silye_DAL\Silye_DAL.csproj", "{B29674DA-80C0-4D94-8055-FA0C7E488B1F}"
EndProject
Project("{9A19103F-16F7-4668-BE54-9A1E7A4F7556}") = "Silye_BL", "..\Silye_BL\Silye_BL.csproj", "{0F6948D7-33FD-49DA-8A72-FA9C32850606}"
EndProject
Project("{FAE04EC0-301F-11D3-BF4B-00C04F79EFBC}") = "SilyeAppTests", "..\SilyeAppTests\SilyeAppTests.csproj", "{97664BDC-BF5D-46F7-A3AD-6C0B74FA3F20}"
EndProject
Global
	GlobalSection(SolutionConfigurationPlatforms) = preSolution
		Debug|Any CPU = Debug|Any CPU
		Release|Any CPU = Release|Any CPU
	EndGlobalSection
	GlobalSection(ProjectConfigurationPlatforms) = postSolution
		{2DB0ABFD-5B9C-45EC-AE08-317614E0F10D}.Debug|Any CPU.ActiveCfg = Debug|Any CPU
		{2DB0ABFD-5B9C-45EC-AE08-317614E0F10D}.Debug|Any CPU.Build.0 = Debug|Any CPU
		{2DB0ABFD-5B9C-45EC-AE08-317614E0F10D}.Release|Any CPU.ActiveCfg = Release|Any CPU
		{2DB0ABFD-5B9C-45EC-AE08-317614E0F10D}.Release|Any CPU.Build.0 = Release|Any CPU
		{B29674DA-80C0-4D94-8055-FA0C7E488B1F}.Debug|Any CPU.ActiveCfg = Debug|Any CPU
		{B29674DA-80C0-4D94-8055-FA0C7E488B1F}.Debug|Any CPU.Build.0 = Debug|Any CPU
		{B29674DA-80C0-4D94-8055-FA0C7E488B1F}.Release|Any CPU.ActiveCfg = Release|Any CPU
		{B29674DA-80C0-4D94-8055-FA0C7E488B1F}.Release|Any CPU.Build.0 = Release|Any CPU
		{0F6948D7-33FD-49DA-8A72-FA9C32850606}.Debug|Any CPU.ActiveCfg = Debug|Any CPU
		{0F6948D7-33FD-49DA-8A72-FA9C32850606}.Debug|Any CPU.Build.0 = Debug|Any CPU
		{0F6948D7-33FD-49DA-8A72-FA9C32850606}.Release|Any CPU.ActiveCfg = Release|Any CPU
		{0F6948D7-33FD-49DA-8A72-FA9C32850606}.Release|Any CPU.Build.0 = Release|Any CPU
		{97664BDC-BF5D-46F7-A3AD-6C0B74FA3F20}.Debug|Any CPU.ActiveCfg = Debug|Any CPU
		{97664BDC-BF5D-46F7-A3AD-6C0B74FA3F20}.Debug|Any CPU.Build.0 = Debug|Any CPU
		{97664BDC-BF5D-46F7-A3AD-6C0B74FA3F20}.Release|Any CPU.ActiveCfg = Release|Any CPU
		{97664BDC-BF5D-46F7-A3AD-6C0B74FA3F20}.Release|Any CPU.Build.0 = Release|Any CPU
	EndGlobalSection
	GlobalSection(SolutionProperties) = preSolution
		HideSolutionNode = FALSE
	EndGlobalSection
	GlobalSection(ExtensibilityGlobals) = postSolution
		SolutionGuid = {1D18D7A3-A482-4B02-A4DE-2BF79392EC04}
	EndGlobalSection
EndGlobal
