
Microsoft Visual Studio Solution File, Format Version 12.00
# Visual Studio Version 17
VisualStudioVersion = 17.7.34031.279
MinimumVisualStudioVersion = 10.0.40219.1
Project("{FAE04EC0-301F-11D3-BF4B-00C04F79EFBC}") = "ClassOlusturma", "ClassOlusturma.csproj", "{E020988F-CA04-46B7-BAEA-17ADEBD43B12}"
EndProject
Global
	GlobalSection(SolutionConfigurationPlatforms) = preSolution
		Debug|Any CPU = Debug|Any CPU
		Release|Any CPU = Release|Any CPU
	EndGlobalSection
	GlobalSection(ProjectConfigurationPlatforms) = postSolution
		{E020988F-CA04-46B7-BAEA-17ADEBD43B12}.Debug|Any CPU.ActiveCfg = Debug|Any CPU
		{E020988F-CA04-46B7-BAEA-17ADEBD43B12}.Debug|Any CPU.Build.0 = Debug|Any CPU
		{E020988F-CA04-46B7-BAEA-17ADEBD43B12}.Release|Any CPU.ActiveCfg = Release|Any CPU
		{E020988F-CA04-46B7-BAEA-17ADEBD43B12}.Release|Any CPU.Build.0 = Release|Any CPU
	EndGlobalSection
	GlobalSection(SolutionProperties) = preSolution
		HideSolutionNode = FALSE
	EndGlobalSection
	GlobalSection(ExtensibilityGlobals) = postSolution
		SolutionGuid = {F1E677DD-A5BE-450C-996A-4726B6903CF1}
	EndGlobalSection
EndGlobal
